
Microsoft Visual Studio Solution File, Format Version 12.00
# Visual Studio Version 17
VisualStudioVersion = 17.0.32014.148
MinimumVisualStudioVersion = 10.0.40219.1
Project("{FAE04EC0-301F-11D3-BF4B-00C04F79EFBC}") = "events", "events\events.csproj", "{4AF6BFB9-2745-42D3-88C5-98E8C58A6073}"
EndProject
Global
	GlobalSection(SolutionConfigurationPlatforms) = preSolution
		Debug|Any CPU = Debug|Any CPU
		Release|Any CPU = Release|Any CPU
	EndGlobalSection
	GlobalSection(ProjectConfigurationPlatforms) = postSolution
		{4AF6BFB9-2745-42D3-88C5-98E8C58A6073}.Debug|Any CPU.ActiveCfg = Debug|Any CPU
		{4AF6BFB9-2745-42D3-88C5-98E8C58A6073}.Debug|Any CPU.Build.0 = Debug|Any CPU
		{4AF6BFB9-2745-42D3-88C5-98E8C58A6073}.Release|Any CPU.ActiveCfg = Release|Any CPU
		{4AF6BFB9-2745-42D3-88C5-98E8C58A6073}.Release|Any CPU.Build.0 = Release|Any CPU
	EndGlobalSection
	GlobalSection(SolutionProperties) = preSolution
		HideSolutionNode = FALSE
	EndGlobalSection
	GlobalSection(ExtensibilityGlobals) = postSolution
		SolutionGuid = {0061745B-ADF9-4869-A003-3AD15F191C34}
	EndGlobalSection
EndGlobal
